
Microsoft Visual Studio Solution File, Format Version 12.00
# Visual Studio 15
VisualStudioVersion = 15.0.27130.2024
MinimumVisualStudioVersion = 10.0.40219.1
Project("{FAE04EC0-301F-11D3-BF4B-00C04F79EFBC}") = "ChessServer", "ChessServer\ChessServer.csproj", "{78AEA16A-4EEE-4352-AE60-2B65319C7C3B}"
EndProject
Global
	GlobalSection(SolutionConfigurationPlatforms) = preSolution
		Debug|Any CPU = Debug|Any CPU
		Release|Any CPU = Release|Any CPU
	EndGlobalSection
	GlobalSection(ProjectConfigurationPlatforms) = postSolution
		{78AEA16A-4EEE-4352-AE60-2B65319C7C3B}.Debug|Any CPU.ActiveCfg = Debug|Any CPU
		{78AEA16A-4EEE-4352-AE60-2B65319C7C3B}.Debug|Any CPU.Build.0 = Debug|Any CPU
		{78AEA16A-4EEE-4352-AE60-2B65319C7C3B}.Release|Any CPU.ActiveCfg = Release|Any CPU
		{78AEA16A-4EEE-4352-AE60-2B65319C7C3B}.Release|Any CPU.Build.0 = Release|Any CPU
	EndGlobalSection
	GlobalSection(SolutionProperties) = preSolution
		HideSolutionNode = FALSE
	EndGlobalSection
	GlobalSection(ExtensibilityGlobals) = postSolution
		SolutionGuid = {3BF9700D-F52E-4BAB-BEA1-370DE6C072B6}
	EndGlobalSection
EndGlobal
